Microsoft Visual Studio Solution File, Format Version 12.00
# Visual Studio Version 17
VisualStudioVersion = 17.0.31611.283
MinimumVisualStudioVersion = 10.0.40219.1
Project("{9A19103F-16F7-4668-BE54-9A1E7A4F7556}") = "MapMaven", "MapMaven\MapMaven.csproj", "{9892F9F4-F3AC-4D92-91E4-4FD4A9432B9F}"
EndProject
Project("{9A19103F-16F7-4668-BE54-9A1E7A4F7556}") = "MapMaven.Core", "MapMaven.Core\MapMaven.Core.csproj", "{45CA051A-9230-48D0-A3D6-0BCAD2F5D91A}"
EndProject
Project("{9A19103F-16F7-4668-BE54-9A1E7A4F7556}") = "MapMaven.Infrastructure", "MapMaven.Infrastructure\MapMaven.Infrastructure.csproj", "{CBC276AA-8E1E-4247-AC5F-EB45AD949687}"
EndProject
Project("{2150E333-8FDC-42A3-9474-1A3956D46DE8}") = "Tests", "Tests", "{AEA01E80-C7DA-4D45-AAD5-8DC9510BB0AA}"
EndProject
Project("{9A19103F-16F7-4668-BE54-9A1E7A4F7556}") = "MapMaven.Core.Tests", "MapMaven.Core.Tests\MapMaven.Core.Tests.csproj", "{64D846D6-23E4-4293-A4E5-7A906BBBBAB7}"
EndProject
Project("{9A19103F-16F7-4668-BE54-9A1E7A4F7556}") = "MapMaven.Functions", "MapMaven.Functions\MapMaven.Functions.csproj", "{2929A3FB-EEDC-4FC6-9701-E25FFCCE4FA0}"
EndProject
Project("{2150E333-8FDC-42A3-9474-1A3956D46DE8}") = "ModelTraining", "ModelTraining", "{E0366F45-2595-483F-9DFE-582334B40F40}"
EndProject
Project("{9A19103F-16F7-4668-BE54-9A1E7A4F7556}") = "MapMaven.DataGatherers.ScoreSaber", "MapMaven.DataGatherers.ScoreSaber\MapMaven.DataGatherers.ScoreSaber.csproj", "{4F1ACA12-49D0-4309-943E-F43240E2BCE4}"
EndProject
Project("{9A19103F-16F7-4668-BE54-9A1E7A4F7556}") = "MapMaven.DataGatherers.Shared", "MapMaven.DataGatherers.Shared\MapMaven.DataGatherers.Shared.csproj", "{C0651AC0-D854-4ED1-BECE-4972829E5BF2}"
EndProject
Project("{FAE04EC0-301F-11D3-BF4B-00C04F79EFBC}") = "MapMaven.DataGatherers.BeatLeader", "MapMaven.DataGatherers.BeatLeader\MapMaven.DataGatherers.BeatLeader.csproj", "{A3CD3E97-FE61-405B-AE61-1501532DA0AF}"
EndProject
Global
	GlobalSection(SolutionConfigurationPlatforms) = preSolution
		Debug|Any CPU = Debug|Any CPU
		Release|Any CPU = Release|Any CPU
	EndGlobalSection
	GlobalSection(ProjectConfigurationPlatforms) = postSolution
		{9892F9F4-F3AC-4D92-91E4-4FD4A9432B9F}.Debug|Any CPU.ActiveCfg = Debug|Any CPU
		{9892F9F4-F3AC-4D92-91E4-4FD4A9432B9F}.Debug|Any CPU.Build.0 = Debug|Any CPU
		{9892F9F4-F3AC-4D92-91E4-4FD4A9432B9F}.Debug|Any CPU.Deploy.0 = Debug|Any CPU
		{9892F9F4-F3AC-4D92-91E4-4FD4A9432B9F}.Release|Any CPU.ActiveCfg = Release|Any CPU
		{9892F9F4-F3AC-4D92-91E4-4FD4A9432B9F}.Release|Any CPU.Build.0 = Release|Any CPU
		{9892F9F4-F3AC-4D92-91E4-4FD4A9432B9F}.Release|Any CPU.Deploy.0 = Release|Any CPU
		{45CA051A-9230-48D0-A3D6-0BCAD2F5D91A}.Debug|Any CPU.ActiveCfg = Debug|Any CPU
		{45CA051A-9230-48D0-A3D6-0BCAD2F5D91A}.Debug|Any CPU.Build.0 = Debug|Any CPU
		{45CA051A-9230-48D0-A3D6-0BCAD2F5D91A}.Release|Any CPU.ActiveCfg = Release|Any CPU
		{45CA051A-9230-48D0-A3D6-0BCAD2F5D91A}.Release|Any CPU.Build.0 = Release|Any CPU
		{CBC276AA-8E1E-4247-AC5F-EB45AD949687}.Debug|Any CPU.ActiveCfg = Debug|Any CPU
		{CBC276AA-8E1E-4247-AC5F-EB45AD949687}.Debug|Any CPU.Build.0 = Debug|Any CPU
		{CBC276AA-8E1E-4247-AC5F-EB45AD949687}.Release|Any CPU.ActiveCfg = Release|Any CPU
		{CBC276AA-8E1E-4247-AC5F-EB45AD949687}.Release|Any CPU.Build.0 = Release|Any CPU
		{64D846D6-23E4-4293-A4E5-7A906BBBBAB7}.Debug|Any CPU.ActiveCfg = Debug|Any CPU
		{64D846D6-23E4-4293-A4E5-7A906BBBBAB7}.Debug|Any CPU.Build.0 = Debug|Any CPU
		{64D846D6-23E4-4293-A4E5-7A906BBBBAB7}.Release|Any CPU.ActiveCfg = Release|Any CPU
		{64D846D6-23E4-4293-A4E5-7A906BBBBAB7}.Release|Any CPU.Build.0 = Release|Any CPU
		{2929A3FB-EEDC-4FC6-9701-E25FFCCE4FA0}.Debug|Any CPU.ActiveCfg = Debug|Any CPU
		{2929A3FB-EEDC-4FC6-9701-E25FFCCE4FA0}.Debug|Any CPU.Build.0 = Debug|Any CPU
		{2929A3FB-EEDC-4FC6-9701-E25FFCCE4FA0}.Release|Any CPU.ActiveCfg = Release|Any CPU
		{2929A3FB-EEDC-4FC6-9701-E25FFCCE4FA0}.Release|Any CPU.Build.0 = Release|Any CPU
		{4F1ACA12-49D0-4309-943E-F43240E2BCE4}.Debug|Any CPU.ActiveCfg = Debug|Any CPU
		{4F1ACA12-49D0-4309-943E-F43240E2BCE4}.Debug|Any CPU.Build.0 = Debug|Any CPU
		{4F1ACA12-49D0-4309-943E-F43240E2BCE4}.Release|Any CPU.ActiveCfg = Release|Any CPU
		{4F1ACA12-49D0-4309-943E-F43240E2BCE4}.Release|Any CPU.Build.0 = Release|Any CPU
		{C0651AC0-D854-4ED1-BECE-4972829E5BF2}.Debug|Any CPU.ActiveCfg = Debug|Any CPU
		{C0651AC0-D854-4ED1-BECE-4972829E5BF2}.Debug|Any CPU.Build.0 = Debug|Any CPU
		{C0651AC0-D854-4ED1-BECE-4972829E5BF2}.Release|Any CPU.ActiveCfg = Release|Any CPU
		{C0651AC0-D854-4ED1-BECE-4972829E5BF2}.Release|Any CPU.Build.0 = Release|Any CPU
		{A3CD3E97-FE61-405B-AE61-1501532DA0AF}.Debug|Any CPU.ActiveCfg = Debug|Any CPU
		{A3CD3E97-FE61-405B-AE61-1501532DA0AF}.Debug|Any CPU.Build.0 = Debug|Any CPU
		{A3CD3E97-FE61-405B-AE61-1501532DA0AF}.Release|Any CPU.ActiveCfg = Release|Any CPU
		{A3CD3E97-FE61-405B-AE61-1501532DA0AF}.Release|Any CPU.Build.0 = Release|Any CPU
	EndGlobalSection
	GlobalSection(SolutionProperties) = preSolution
		HideSolutionNode = FALSE
	EndGlobalSection
	GlobalSection(NestedProjects) = preSolution
		{64D846D6-23E4-4293-A4E5-7A906BBBBAB7} = {AEA01E80-C7DA-4D45-AAD5-8DC9510BB0AA}
		{4F1ACA12-49D0-4309-943E-F43240E2BCE4} = {E0366F45-2595-483F-9DFE-582334B40F40}
		{C0651AC0-D854-4ED1-BECE-4972829E5BF2} = {E0366F45-2595-483F-9DFE-582334B40F40}
		{A3CD3E97-FE61-405B-AE61-1501532DA0AF} = {E0366F45-2595-483F-9DFE-582334B40F40}
	EndGlobalSection
	GlobalSection(ExtensibilityGlobals) = postSolution
		SolutionGuid = {61F7FB11-1E47-470C-91E2-47F8143E1572}
	EndGlobalSection
EndGlobal
