Microsoft Visual Studio Solution File, Format Version 12.00
# Visual Studio Version 17
VisualStudioVersion = 17.0.31611.283
MinimumVisualStudioVersion = 10.0.40219.1
Project("{9A19103F-16F7-4668-BE54-9A1E7A4F7556}") = "MapMaven", "MapMaven\MapMaven.csproj", "{9892F9F4-F3AC-4D92-91E4-4FD4A9432B9F}"
EndProject
Project("{9A19103F-16F7-4668-BE54-9A1E7A4F7556}") = "MapMaven.Worker", "MapMaven.Worker\MapMaven.Worker.csproj", "{A1F90476-3F79-4BFD-AD29-0B61510F7BAB}"
EndProject
Project("{9A19103F-16F7-4668-BE54-9A1E7A4F7556}") = "MapMaven.Core", "MapMaven.Core\MapMaven.Core.csproj", "{45CA051A-9230-48D0-A3D6-0BCAD2F5D91A}"
EndProject
Project("{9A19103F-16F7-4668-BE54-9A1E7A4F7556}") = "MapMaven.Infrastructure", "MapMaven.Infrastructure\MapMaven.Infrastructure.csproj", "{CBC276AA-8E1E-4247-AC5F-EB45AD949687}"
EndProject
Global
	GlobalSection(SolutionConfigurationPlatforms) = preSolution
		Debug|Any CPU = Debug|Any CPU
		Release|Any CPU = Release|Any CPU
	EndGlobalSection
	GlobalSection(ProjectConfigurationPlatforms) = postSolution
		{9892F9F4-F3AC-4D92-91E4-4FD4A9432B9F}.Debug|Any CPU.ActiveCfg = Debug|Any CPU
		{9892F9F4-F3AC-4D92-91E4-4FD4A9432B9F}.Debug|Any CPU.Build.0 = Debug|Any CPU
		{9892F9F4-F3AC-4D92-91E4-4FD4A9432B9F}.Debug|Any CPU.Deploy.0 = Debug|Any CPU
		{9892F9F4-F3AC-4D92-91E4-4FD4A9432B9F}.Release|Any CPU.ActiveCfg = Release|Any CPU
		{9892F9F4-F3AC-4D92-91E4-4FD4A9432B9F}.Release|Any CPU.Build.0 = Release|Any CPU
		{9892F9F4-F3AC-4D92-91E4-4FD4A9432B9F}.Release|Any CPU.Deploy.0 = Release|Any CPU
		{A1F90476-3F79-4BFD-AD29-0B61510F7BAB}.Debug|Any CPU.ActiveCfg = Debug|Any CPU
		{A1F90476-3F79-4BFD-AD29-0B61510F7BAB}.Debug|Any CPU.Build.0 = Debug|Any CPU
		{A1F90476-3F79-4BFD-AD29-0B61510F7BAB}.Release|Any CPU.ActiveCfg = Release|Any CPU
		{A1F90476-3F79-4BFD-AD29-0B61510F7BAB}.Release|Any CPU.Build.0 = Release|Any CPU
		{45CA051A-9230-48D0-A3D6-0BCAD2F5D91A}.Debug|Any CPU.ActiveCfg = Debug|Any CPU
		{45CA051A-9230-48D0-A3D6-0BCAD2F5D91A}.Debug|Any CPU.Build.0 = Debug|Any CPU
		{45CA051A-9230-48D0-A3D6-0BCAD2F5D91A}.Release|Any CPU.ActiveCfg = Release|Any CPU
		{45CA051A-9230-48D0-A3D6-0BCAD2F5D91A}.Release|Any CPU.Build.0 = Release|Any CPU
		{CBC276AA-8E1E-4247-AC5F-EB45AD949687}.Debug|Any CPU.ActiveCfg = Debug|Any CPU
		{CBC276AA-8E1E-4247-AC5F-EB45AD949687}.Debug|Any CPU.Build.0 = Debug|Any CPU
		{CBC276AA-8E1E-4247-AC5F-EB45AD949687}.Release|Any CPU.ActiveCfg = Release|Any CPU
		{CBC276AA-8E1E-4247-AC5F-EB45AD949687}.Release|Any CPU.Build.0 = Release|Any CPU
	EndGlobalSection
	GlobalSection(SolutionProperties) = preSolution
		HideSolutionNode = FALSE
	EndGlobalSection
	GlobalSection(ExtensibilityGlobals) = postSolution
		SolutionGuid = {61F7FB11-1E47-470C-91E2-47F8143E1572}
	EndGlobalSection
EndGlobal
